
Microsoft Visual Studio Solution File, Format Version 12.00
# Visual Studio Version 18
VisualStudioVersion = 18.3.11222.16
MinimumVisualStudioVersion = 10.0.40219.1
Project("{FAE04EC0-301F-11D3-BF4B-00C04F79EFBC}") = "IIM.Core", "src\IIM.Core\IIM.Core.csproj", "{81560261-2AC0-45F2-80BD-3DEB7309768C}"
EndProject
Project("{FAE04EC0-301F-11D3-BF4B-00C04F79EFBC}") = "IIM.Api", "src\IIM.Api\IIM.Api.csproj", "{AC02A209-E909-4A3B-B855-6FAA88A16316}"
EndProject
Project("{FAE04EC0-301F-11D3-BF4B-00C04F79EFBC}") = "IIM.Plugin.SDK", "src\IIM.Plugin.SDK\IIM.Plugin.SDK.csproj", "{9C3D42FD-2B5E-4F68-840E-C3BA28A0934F}"
EndProject
Project("{FAE04EC0-301F-11D3-BF4B-00C04F79EFBC}") = "IIM.Shared", "src\IIM.Shared\IIM.Shared.csproj", "{9BFF9D32-A474-0871-2E9B-A923D4F72570}"
EndProject
Project("{2150E333-8FDC-42A3-9474-1A3956D46DE8}") = "Solution Items", "Solution Items", "{8EC462FD-D22E-90A8-E5CE-7E832BA40C5D}"
EndProject
Project("{FAE04EC0-301F-11D3-BF4B-00C04F79EFBC}") = "IIM.Application", "src\IIM.Application\IIM.Application.csproj", "{0CBC1B48-EA28-4E01-84A2-94A012840B65}"
EndProject
Project("{FAE04EC0-301F-11D3-BF4B-00C04F79EFBC}") = "IIM.Infrastructure", "src\IIM.Infrastructure\IIM.Infrastructure.csproj", "{E1AE0B5E-7404-8482-9EFF-2B230E34C847}"
EndProject
Project("{2150E333-8FDC-42A3-9474-1A3956D46DE8}") = "src", "src", "{827E0CD3-B72D-47B6-A68D-7590B98EB39B}"
EndProject
Project("{FAE04EC0-301F-11D3-BF4B-00C04F79EFBC}") = "IIM.Ingestion", "src\IIM.Ingestion\IIM.Ingestion.csproj", "{C7065598-ED7F-458E-8E97-069ED9E3B594}"
EndProject
Project("{2150E333-8FDC-42A3-9474-1A3956D46DE8}") = "external", "external", "{17FE7165-7831-552A-0281-14200D3CBAAD}"
EndProject
Project("{2150E333-8FDC-42A3-9474-1A3956D46DE8}") = "graphrag", "graphrag", "{06CA64B4-215C-1C66-834A-AB2E15D9BDE5}"
EndProject
Project("{2150E333-8FDC-42A3-9474-1A3956D46DE8}") = "src", "src", "{E9A205C9-0494-2D0C-B860-D0108DCA6AEA}"
EndProject
Project("{FAE04EC0-301F-11D3-BF4B-00C04F79EFBC}") = "ManagedCode.GraphRag", "src\external\graphrag\src\ManagedCode.GraphRag\ManagedCode.GraphRag.csproj", "{A4004CCB-6E69-4182-A73A-50FA3036DF0F}"
EndProject
Project("{FAE04EC0-301F-11D3-BF4B-00C04F79EFBC}") = "ManagedCode.GraphRag.Neo4j", "src\external\graphrag\src\ManagedCode.GraphRag.Neo4j\ManagedCode.GraphRag.Neo4j.csproj", "{A67A4FCF-9162-4857-91AA-F48A43247787}"
EndProject
Global
	GlobalSection(SolutionConfigurationPlatforms) = preSolution
		Debug|Any CPU = Debug|Any CPU
		Debug|ARM64 = Debug|ARM64
		Debug|x64 = Debug|x64
		Debug|x86 = Debug|x86
		Release|Any CPU = Release|Any CPU
		Release|ARM64 = Release|ARM64
		Release|x64 = Release|x64
		Release|x86 = Release|x86
	EndGlobalSection
	GlobalSection(ProjectConfigurationPlatforms) = postSolution
		{81560261-2AC0-45F2-80BD-3DEB7309768C}.Debug|Any CPU.ActiveCfg = Debug|Any CPU
		{81560261-2AC0-45F2-80BD-3DEB7309768C}.Debug|Any CPU.Build.0 = Debug|Any CPU
		{81560261-2AC0-45F2-80BD-3DEB7309768C}.Debug|ARM64.ActiveCfg = Debug|Any CPU
		{81560261-2AC0-45F2-80BD-3DEB7309768C}.Debug|ARM64.Build.0 = Debug|Any CPU
		{81560261-2AC0-45F2-80BD-3DEB7309768C}.Debug|x64.ActiveCfg = Debug|Any CPU
		{81560261-2AC0-45F2-80BD-3DEB7309768C}.Debug|x64.Build.0 = Debug|Any CPU
		{81560261-2AC0-45F2-80BD-3DEB7309768C}.Debug|x86.ActiveCfg = Debug|Any CPU
		{81560261-2AC0-45F2-80BD-3DEB7309768C}.Debug|x86.Build.0 = Debug|Any CPU
		{81560261-2AC0-45F2-80BD-3DEB7309768C}.Release|Any CPU.ActiveCfg = Release|Any CPU
		{81560261-2AC0-45F2-80BD-3DEB7309768C}.Release|Any CPU.Build.0 = Release|Any CPU
		{81560261-2AC0-45F2-80BD-3DEB7309768C}.Release|ARM64.ActiveCfg = Release|Any CPU
		{81560261-2AC0-45F2-80BD-3DEB7309768C}.Release|ARM64.Build.0 = Release|Any CPU
		{81560261-2AC0-45F2-80BD-3DEB7309768C}.Release|x64.ActiveCfg = Release|Any CPU
		{81560261-2AC0-45F2-80BD-3DEB7309768C}.Release|x64.Build.0 = Release|Any CPU
		{81560261-2AC0-45F2-80BD-3DEB7309768C}.Release|x86.ActiveCfg = Release|Any CPU
		{81560261-2AC0-45F2-80BD-3DEB7309768C}.Release|x86.Build.0 = Release|Any CPU
		{AC02A209-E909-4A3B-B855-6FAA88A16316}.Debug|Any CPU.ActiveCfg = Debug|Any CPU
		{AC02A209-E909-4A3B-B855-6FAA88A16316}.Debug|Any CPU.Build.0 = Debug|Any CPU
		{AC02A209-E909-4A3B-B855-6FAA88A16316}.Debug|ARM64.ActiveCfg = Debug|Any CPU
		{AC02A209-E909-4A3B-B855-6FAA88A16316}.Debug|ARM64.Build.0 = Debug|Any CPU
		{AC02A209-E909-4A3B-B855-6FAA88A16316}.Debug|x64.ActiveCfg = Debug|Any CPU
		{AC02A209-E909-4A3B-B855-6FAA88A16316}.Debug|x64.Build.0 = Debug|Any CPU
		{AC02A209-E909-4A3B-B855-6FAA88A16316}.Debug|x86.ActiveCfg = Debug|Any CPU
		{AC02A209-E909-4A3B-B855-6FAA88A16316}.Debug|x86.Build.0 = Debug|Any CPU
		{AC02A209-E909-4A3B-B855-6FAA88A16316}.Release|Any CPU.ActiveCfg = Release|Any CPU
		{AC02A209-E909-4A3B-B855-6FAA88A16316}.Release|Any CPU.Build.0 = Release|Any CPU
		{AC02A209-E909-4A3B-B855-6FAA88A16316}.Release|ARM64.ActiveCfg = Release|Any CPU
		{AC02A209-E909-4A3B-B855-6FAA88A16316}.Release|ARM64.Build.0 = Release|Any CPU
		{AC02A209-E909-4A3B-B855-6FAA88A16316}.Release|x64.ActiveCfg = Release|Any CPU
		{AC02A209-E909-4A3B-B855-6FAA88A16316}.Release|x64.Build.0 = Release|Any CPU
		{AC02A209-E909-4A3B-B855-6FAA88A16316}.Release|x86.ActiveCfg = Release|Any CPU
		{AC02A209-E909-4A3B-B855-6FAA88A16316}.Release|x86.Build.0 = Release|Any CPU
		{9C3D42FD-2B5E-4F68-840E-C3BA28A0934F}.Debug|Any CPU.ActiveCfg = Debug|Any CPU
		{9C3D42FD-2B5E-4F68-840E-C3BA28A0934F}.Debug|Any CPU.Build.0 = Debug|Any CPU
		{9C3D42FD-2B5E-4F68-840E-C3BA28A0934F}.Debug|ARM64.ActiveCfg = Debug|Any CPU
		{9C3D42FD-2B5E-4F68-840E-C3BA28A0934F}.Debug|ARM64.Build.0 = Debug|Any CPU
		{9C3D42FD-2B5E-4F68-840E-C3BA28A0934F}.Debug|x64.ActiveCfg = Debug|Any CPU
		{9C3D42FD-2B5E-4F68-840E-C3BA28A0934F}.Debug|x64.Build.0 = Debug|Any CPU
		{9C3D42FD-2B5E-4F68-840E-C3BA28A0934F}.Debug|x86.ActiveCfg = Debug|Any CPU
		{9C3D42FD-2B5E-4F68-840E-C3BA28A0934F}.Debug|x86.Build.0 = Debug|Any CPU
		{9C3D42FD-2B5E-4F68-840E-C3BA28A0934F}.Release|Any CPU.ActiveCfg = Release|Any CPU
		{9C3D42FD-2B5E-4F68-840E-C3BA28A0934F}.Release|Any CPU.Build.0 = Release|Any CPU
		{9C3D42FD-2B5E-4F68-840E-C3BA28A0934F}.Release|ARM64.ActiveCfg = Release|Any CPU
		{9C3D42FD-2B5E-4F68-840E-C3BA28A0934F}.Release|ARM64.Build.0 = Release|Any CPU
		{9C3D42FD-2B5E-4F68-840E-C3BA28A0934F}.Release|x64.ActiveCfg = Release|Any CPU
		{9C3D42FD-2B5E-4F68-840E-C3BA28A0934F}.Release|x64.Build.0 = Release|Any CPU
		{9C3D42FD-2B5E-4F68-840E-C3BA28A0934F}.Release|x86.ActiveCfg = Release|Any CPU
		{9C3D42FD-2B5E-4F68-840E-C3BA28A0934F}.Release|x86.Build.0 = Release|Any CPU
		{9BFF9D32-A474-0871-2E9B-A923D4F72570}.Debug|Any CPU.ActiveCfg = Debug|Any CPU
		{9BFF9D32-A474-0871-2E9B-A923D4F72570}.Debug|Any CPU.Build.0 = Debug|Any CPU
		{9BFF9D32-A474-0871-2E9B-A923D4F72570}.Debug|ARM64.ActiveCfg = Debug|Any CPU
		{9BFF9D32-A474-0871-2E9B-A923D4F72570}.Debug|ARM64.Build.0 = Debug|Any CPU
		{9BFF9D32-A474-0871-2E9B-A923D4F72570}.Debug|x64.ActiveCfg = Debug|Any CPU
		{9BFF9D32-A474-0871-2E9B-A923D4F72570}.Debug|x64.Build.0 = Debug|Any CPU
		{9BFF9D32-A474-0871-2E9B-A923D4F72570}.Debug|x86.ActiveCfg = Debug|Any CPU
		{9BFF9D32-A474-0871-2E9B-A923D4F72570}.Debug|x86.Build.0 = Debug|Any CPU
		{9BFF9D32-A474-0871-2E9B-A923D4F72570}.Release|Any CPU.ActiveCfg = Release|Any CPU
		{9BFF9D32-A474-0871-2E9B-A923D4F72570}.Release|Any CPU.Build.0 = Release|Any CPU
		{9BFF9D32-A474-0871-2E9B-A923D4F72570}.Release|ARM64.ActiveCfg = Release|Any CPU
		{9BFF9D32-A474-0871-2E9B-A923D4F72570}.Release|ARM64.Build.0 = Release|Any CPU
		{9BFF9D32-A474-0871-2E9B-A923D4F72570}.Release|x64.ActiveCfg = Release|Any CPU
		{9BFF9D32-A474-0871-2E9B-A923D4F72570}.Release|x64.Build.0 = Release|Any CPU
		{9BFF9D32-A474-0871-2E9B-A923D4F72570}.Release|x86.ActiveCfg = Release|Any CPU
		{9BFF9D32-A474-0871-2E9B-A923D4F72570}.Release|x86.Build.0 = Release|Any CPU
		{0CBC1B48-EA28-4E01-84A2-94A012840B65}.Debug|Any CPU.ActiveCfg = Debug|Any CPU
		{0CBC1B48-EA28-4E01-84A2-94A012840B65}.Debug|Any CPU.Build.0 = Debug|Any CPU
		{0CBC1B48-EA28-4E01-84A2-94A012840B65}.Debug|ARM64.ActiveCfg = Debug|Any CPU
		{0CBC1B48-EA28-4E01-84A2-94A012840B65}.Debug|ARM64.Build.0 = Debug|Any CPU
		{0CBC1B48-EA28-4E01-84A2-94A012840B65}.Debug|x64.ActiveCfg = Debug|Any CPU
		{0CBC1B48-EA28-4E01-84A2-94A012840B65}.Debug|x64.Build.0 = Debug|Any CPU
		{0CBC1B48-EA28-4E01-84A2-94A012840B65}.Debug|x86.ActiveCfg = Debug|Any CPU
		{0CBC1B48-EA28-4E01-84A2-94A012840B65}.Debug|x86.Build.0 = Debug|Any CPU
		{0CBC1B48-EA28-4E01-84A2-94A012840B65}.Release|Any CPU.ActiveCfg = Release|Any CPU
		{0CBC1B48-EA28-4E01-84A2-94A012840B65}.Release|Any CPU.Build.0 = Release|Any CPU
		{0CBC1B48-EA28-4E01-84A2-94A012840B65}.Release|ARM64.ActiveCfg = Release|Any CPU
		{0CBC1B48-EA28-4E01-84A2-94A012840B65}.Release|ARM64.Build.0 = Release|Any CPU
		{0CBC1B48-EA28-4E01-84A2-94A012840B65}.Release|x64.ActiveCfg = Release|Any CPU
		{0CBC1B48-EA28-4E01-84A2-94A012840B65}.Release|x64.Build.0 = Release|Any CPU
		{0CBC1B48-EA28-4E01-84A2-94A012840B65}.Release|x86.ActiveCfg = Release|Any CPU
		{0CBC1B48-EA28-4E01-84A2-94A012840B65}.Release|x86.Build.0 = Release|Any CPU
		{E1AE0B5E-7404-8482-9EFF-2B230E34C847}.Debug|Any CPU.ActiveCfg = Debug|Any CPU
		{E1AE0B5E-7404-8482-9EFF-2B230E34C847}.Debug|Any CPU.Build.0 = Debug|Any CPU
		{E1AE0B5E-7404-8482-9EFF-2B230E34C847}.Debug|ARM64.ActiveCfg = Debug|Any CPU
		{E1AE0B5E-7404-8482-9EFF-2B230E34C847}.Debug|ARM64.Build.0 = Debug|Any CPU
		{E1AE0B5E-7404-8482-9EFF-2B230E34C847}.Debug|x64.ActiveCfg = Debug|Any CPU
		{E1AE0B5E-7404-8482-9EFF-2B230E34C847}.Debug|x64.Build.0 = Debug|Any CPU
		{E1AE0B5E-7404-8482-9EFF-2B230E34C847}.Debug|x86.ActiveCfg = Debug|Any CPU
		{E1AE0B5E-7404-8482-9EFF-2B230E34C847}.Debug|x86.Build.0 = Debug|Any CPU
		{E1AE0B5E-7404-8482-9EFF-2B230E34C847}.Release|Any CPU.ActiveCfg = Release|Any CPU
		{E1AE0B5E-7404-8482-9EFF-2B230E34C847}.Release|Any CPU.Build.0 = Release|Any CPU
		{E1AE0B5E-7404-8482-9EFF-2B230E34C847}.Release|ARM64.ActiveCfg = Release|Any CPU
		{E1AE0B5E-7404-8482-9EFF-2B230E34C847}.Release|ARM64.Build.0 = Release|Any CPU
		{E1AE0B5E-7404-8482-9EFF-2B230E34C847}.Release|x64.ActiveCfg = Release|Any CPU
		{E1AE0B5E-7404-8482-9EFF-2B230E34C847}.Release|x64.Build.0 = Release|Any CPU
		{E1AE0B5E-7404-8482-9EFF-2B230E34C847}.Release|x86.ActiveCfg = Release|Any CPU
		{E1AE0B5E-7404-8482-9EFF-2B230E34C847}.Release|x86.Build.0 = Release|Any CPU
		{C7065598-ED7F-458E-8E97-069ED9E3B594}.Debug|Any CPU.ActiveCfg = Debug|Any CPU
		{C7065598-ED7F-458E-8E97-069ED9E3B594}.Debug|Any CPU.Build.0 = Debug|Any CPU
		{C7065598-ED7F-458E-8E97-069ED9E3B594}.Debug|ARM64.ActiveCfg = Debug|Any CPU
		{C7065598-ED7F-458E-8E97-069ED9E3B594}.Debug|ARM64.Build.0 = Debug|Any CPU
		{C7065598-ED7F-458E-8E97-069ED9E3B594}.Debug|x64.ActiveCfg = Debug|Any CPU
		{C7065598-ED7F-458E-8E97-069ED9E3B594}.Debug|x64.Build.0 = Debug|Any CPU
		{C7065598-ED7F-458E-8E97-069ED9E3B594}.Debug|x86.ActiveCfg = Debug|Any CPU
		{C7065598-ED7F-458E-8E97-069ED9E3B594}.Debug|x86.Build.0 = Debug|Any CPU
		{C7065598-ED7F-458E-8E97-069ED9E3B594}.Release|Any CPU.ActiveCfg = Release|Any CPU
		{C7065598-ED7F-458E-8E97-069ED9E3B594}.Release|Any CPU.Build.0 = Release|Any CPU
		{C7065598-ED7F-458E-8E97-069ED9E3B594}.Release|ARM64.ActiveCfg = Release|Any CPU
		{C7065598-ED7F-458E-8E97-069ED9E3B594}.Release|ARM64.Build.0 = Release|Any CPU
		{C7065598-ED7F-458E-8E97-069ED9E3B594}.Release|x64.ActiveCfg = Release|Any CPU
		{C7065598-ED7F-458E-8E97-069ED9E3B594}.Release|x64.Build.0 = Release|Any CPU
		{C7065598-ED7F-458E-8E97-069ED9E3B594}.Release|x86.ActiveCfg = Release|Any CPU
		{C7065598-ED7F-458E-8E97-069ED9E3B594}.Release|x86.Build.0 = Release|Any CPU
		{A4004CCB-6E69-4182-A73A-50FA3036DF0F}.Debug|Any CPU.ActiveCfg = Debug|Any CPU
		{A4004CCB-6E69-4182-A73A-50FA3036DF0F}.Debug|Any CPU.Build.0 = Debug|Any CPU
		{A4004CCB-6E69-4182-A73A-50FA3036DF0F}.Debug|ARM64.ActiveCfg = Debug|Any CPU
		{A4004CCB-6E69-4182-A73A-50FA3036DF0F}.Debug|ARM64.Build.0 = Debug|Any CPU
		{A4004CCB-6E69-4182-A73A-50FA3036DF0F}.Debug|x64.ActiveCfg = Debug|Any CPU
		{A4004CCB-6E69-4182-A73A-50FA3036DF0F}.Debug|x64.Build.0 = Debug|Any CPU
		{A4004CCB-6E69-4182-A73A-50FA3036DF0F}.Debug|x86.ActiveCfg = Debug|Any CPU
		{A4004CCB-6E69-4182-A73A-50FA3036DF0F}.Debug|x86.Build.0 = Debug|Any CPU
		{A4004CCB-6E69-4182-A73A-50FA3036DF0F}.Release|Any CPU.ActiveCfg = Release|Any CPU
		{A4004CCB-6E69-4182-A73A-50FA3036DF0F}.Release|Any CPU.Build.0 = Release|Any CPU
		{A4004CCB-6E69-4182-A73A-50FA3036DF0F}.Release|ARM64.ActiveCfg = Release|Any CPU
		{A4004CCB-6E69-4182-A73A-50FA3036DF0F}.Release|ARM64.Build.0 = Release|Any CPU
		{A4004CCB-6E69-4182-A73A-50FA3036DF0F}.Release|x64.ActiveCfg = Release|Any CPU
		{A4004CCB-6E69-4182-A73A-50FA3036DF0F}.Release|x64.Build.0 = Release|Any CPU
		{A4004CCB-6E69-4182-A73A-50FA3036DF0F}.Release|x86.ActiveCfg = Release|Any CPU
		{A4004CCB-6E69-4182-A73A-50FA3036DF0F}.Release|x86.Build.0 = Release|Any CPU
		{A67A4FCF-9162-4857-91AA-F48A43247787}.Debug|Any CPU.ActiveCfg = Debug|Any CPU
		{A67A4FCF-9162-4857-91AA-F48A43247787}.Debug|Any CPU.Build.0 = Debug|Any CPU
		{A67A4FCF-9162-4857-91AA-F48A43247787}.Debug|ARM64.ActiveCfg = Debug|Any CPU
		{A67A4FCF-9162-4857-91AA-F48A43247787}.Debug|ARM64.Build.0 = Debug|Any CPU
		{A67A4FCF-9162-4857-91AA-F48A43247787}.Debug|x64.ActiveCfg = Debug|Any CPU
		{A67A4FCF-9162-4857-91AA-F48A43247787}.Debug|x64.Build.0 = Debug|Any CPU
		{A67A4FCF-9162-4857-91AA-F48A43247787}.Debug|x86.ActiveCfg = Debug|Any CPU
		{A67A4FCF-9162-4857-91AA-F48A43247787}.Debug|x86.Build.0 = Debug|Any CPU
		{A67A4FCF-9162-4857-91AA-F48A43247787}.Release|Any CPU.ActiveCfg = Release|Any CPU
		{A67A4FCF-9162-4857-91AA-F48A43247787}.Release|Any CPU.Build.0 = Release|Any CPU
		{A67A4FCF-9162-4857-91AA-F48A43247787}.Release|ARM64.ActiveCfg = Release|Any CPU
		{A67A4FCF-9162-4857-91AA-F48A43247787}.Release|ARM64.Build.0 = Release|Any CPU
		{A67A4FCF-9162-4857-91AA-F48A43247787}.Release|x64.ActiveCfg = Release|Any CPU
		{A67A4FCF-9162-4857-91AA-F48A43247787}.Release|x64.Build.0 = Release|Any CPU
		{A67A4FCF-9162-4857-91AA-F48A43247787}.Release|x86.ActiveCfg = Release|Any CPU
		{A67A4FCF-9162-4857-91AA-F48A43247787}.Release|x86.Build.0 = Release|Any CPU
	EndGlobalSection
	GlobalSection(SolutionProperties) = preSolution
		HideSolutionNode = FALSE
	EndGlobalSection
	GlobalSection(NestedProjects) = preSolution
		{C7065598-ED7F-458E-8E97-069ED9E3B594} = {827E0CD3-B72D-47B6-A68D-7590B98EB39B}
		{17FE7165-7831-552A-0281-14200D3CBAAD} = {827E0CD3-B72D-47B6-A68D-7590B98EB39B}
		{06CA64B4-215C-1C66-834A-AB2E15D9BDE5} = {17FE7165-7831-552A-0281-14200D3CBAAD}
		{E9A205C9-0494-2D0C-B860-D0108DCA6AEA} = {06CA64B4-215C-1C66-834A-AB2E15D9BDE5}
		{A4004CCB-6E69-4182-A73A-50FA3036DF0F} = {E9A205C9-0494-2D0C-B860-D0108DCA6AEA}
		{A67A4FCF-9162-4857-91AA-F48A43247787} = {E9A205C9-0494-2D0C-B860-D0108DCA6AEA}
	EndGlobalSection
	GlobalSection(ExtensibilityGlobals) = postSolution
		SolutionGuid = {7E477EA1-DE14-49E6-BD37-140B8A949EA1}
	EndGlobalSection
EndGlobal
